// !$*UTF8*$!
{
	archiveVersion = 1;
	classes = {
	};
	objectVersion = 50;
	objects = {

/* Begin PBXBuildFile section */
		762821C62459CD2700A543A6 /* AppDelegate.swift in Sources */ = {isa = PBXBuildFile; fileRef = 762821C52459CD2700A543A6 /* AppDelegate.swift */; };
		762821C82459CD2700A543A6 /* ViewController.swift in Sources */ = {isa = PBXBuildFile; fileRef = 762821C72459CD2700A543A6 /* ViewController.swift */; };
		762821CA2459CD2C00A543A6 /* Assets.xcassets in Resources */ = {isa = PBXBuildFile; fileRef = 762821C92459CD2C00A543A6 /* Assets.xcassets */; };
		762821CD2459CD2C00A543A6 /* Main.storyboard in Resources */ = {isa = PBXBuildFile; fileRef = 762821CB2459CD2C00A543A6 /* Main.storyboard */; };
		764AF197245AFFDF00F1F2D9 /* Blum-Micali_Algorithm.swift in Sources */ = {isa = PBXBuildFile; fileRef = 764AF196245AFFDF00F1F2D9 /* Blum-Micali_Algorithm.swift */; };
		764AF199245C758600F1F2D9 /* Alert.swift in Sources */ = {isa = PBXBuildFile; fileRef = 764AF198245C758600F1F2D9 /* Alert.swift */; };
/* End PBXBuildFile section */

/* Begin PBXFileReference section */
		762821C22459CD2700A543A6 /* Cryptographic_pseudorandom_number_generator.app */ = {isa = PBXFileReference; explicitFileType = wrapper.application; includeInIndex = 0; path = Cryptographic_pseudorandom_number_generator.app; sourceTree = BUILT_PRODUCTS_DIR; };
		762821C52459CD2700A543A6 /* AppDelegate.swift */ = {isa = PBXFileReference; lastKnownFileType = sourcecode.swift; path = AppDelegate.swift; sourceTree = "<group>"; };
		762821C72459CD2700A543A6 /* ViewController.swift */ = {isa = PBXFileReference; lastKnownFileType = sourcecode.swift; path = ViewController.swift; sourceTree = "<group>"; };
		762821C92459CD2C00A543A6 /* Assets.xcassets */ = {isa = PBXFileReference; lastKnownFileType = folder.assetcatalog; path = Assets.xcassets; sourceTree = "<group>"; };
		762821CC2459CD2C00A543A6 /* Base */ = {isa = PBXFileReference; lastKnownFileType = file.storyboard; name = Base; path = Base.lproj/Main.storyboard; sourceTree = "<group>"; };
		762821CE2459CD2C00A543A6 /* Info.plist */ = {isa = PBXFileReference; lastKnownFileType = text.plist.xml; path = Info.plist; sourceTree = "<group>"; };
		762821CF2459CD2C00A543A6 /* Cryptographic_pseudorandom_number_generator.entitlements */ = {isa = PBXFileReference; lastKnownFileType = text.plist.entitlements; path = Cryptographic_pseudorandom_number_generator.entitlements; sourceTree = "<group>"; };
		764AF196245AFFDF00F1F2D9 /* Blum-Micali_Algorithm.swift */ = {isa = PBXFileReference; lastKnownFileType = sourcecode.swift; path = "Blum-Micali_Algorithm.swift"; sourceTree = "<group>"; };
		764AF198245C758600F1F2D9 /* Alert.swift */ = {isa = PBXFileReference; lastKnownFileType = sourcecode.swift; path = Alert.swift; sourceTree = "<group>"; };
/* End PBXFileReference section */

/* Begin PBXFrameworksBuildPhase section */
		762821BF2459CD2700A543A6 /* Frameworks */ = {
			isa = PBXFrameworksBuildPhase;
			buildActionMask = 2147483647;
			files = (
			);
			runOnlyForDeploymentPostprocessing = 0;
		};
/* End PBXFrameworksBuildPhase section */

/* Begin PBXGroup section */
		762821B92459CD2700A543A6 = {
			isa = PBXGroup;
			children = (
				762821C42459CD2700A543A6 /* Cryptographic_pseudorandom_number_generator */,
				762821C32459CD2700A543A6 /* Products */,
			);
			sourceTree = "<group>";
		};
		762821C32459CD2700A543A6 /* Products */ = {
			isa = PBXGroup;
			children = (
				762821C22459CD2700A543A6 /* Cryptographic_pseudorandom_number_generator.app */,
			);
			name = Products;
			sourceTree = "<group>";
		};
		762821C42459CD2700A543A6 /* Cryptographic_pseudorandom_number_generator */ = {
			isa = PBXGroup;
			children = (
				762821C52459CD2700A543A6 /* AppDelegate.swift */,
				762821C72459CD2700A543A6 /* ViewController.swift */,
				762821C92459CD2C00A543A6 /* Assets.xcassets */,
				762821CB2459CD2C00A543A6 /* Main.storyboard */,
				762821CE2459CD2C00A543A6 /* Info.plist */,
				762821CF2459CD2C00A543A6 /* Cryptographic_pseudorandom_number_generator.entitlements */,
				764AF196245AFFDF00F1F2D9 /* Blum-Micali_Algorithm.swift */,
				764AF198245C758600F1F2D9 /* Alert.swift */,
			);
			path = Cryptographic_pseudorandom_number_generator;
			sourceTree = "<group>";
		};
/* End PBXGroup section */

/* Begin PBXNativeTarget section */
		762821C12459CD2700A543A6 /* Cryptographic_pseudorandom_number_generator */ = {
			isa = PBXNativeTarget;
			buildConfigurationList = 762821D22459CD2C00A543A6 /* Build configuration list for PBXNativeTarget "Cryptographic_pseudorandom_number_generator" */;
			buildPhases = (
				762821BE2459CD2700A543A6 /* Sources */,
				762821BF2459CD2700A543A6 /* Frameworks */,
				762821C02459CD2700A543A6 /* Resources */,
			);
			buildRules = (
			);
			dependencies = (
			);
			name = Cryptographic_pseudorandom_number_generator;
			productName = Cryptographic_pseudorandom_number_generator;
			productReference = 762821C22459CD2700A543A6 /* Cryptographic_pseudorandom_number_generator.app */;
			productType = "com.apple.product-type.application";
		};
/* End PBXNativeTarget section */

/* Begin PBXProject section */
		762821BA2459CD2700A543A6 /* Project object */ = {
			isa = PBXProject;
			attributes = {
				LastSwiftUpdateCheck = 1140;
				LastUpgradeCheck = 1140;
				ORGANIZATIONNAME = "Doru Mancila";
				TargetAttributes = {
					762821C12459CD2700A543A6 = {
						CreatedOnToolsVersion = 11.4.1;
					};
				};
			};
			buildConfigurationList = 762821BD2459CD2700A543A6 /* Build configuration list for PBXProject "Cryptographic_pseudorandom_number_generator" */;
			compatibilityVersion = "Xcode 9.3";
			developmentRegion = en;
			hasScannedForEncodings = 0;
			knownRegions = (
				en,
				Base,
			);
			mainGroup = 762821B92459CD2700A543A6;
			productRefGroup = 762821C32459CD2700A543A6 /* Products */;
			projectDirPath = "";
			projectRoot = "";
			targets = (
				762821C12459CD2700A543A6 /* Cryptographic_pseudorandom_number_generator */,
			);
		};
/* End PBXProject section */

/* Begin PBXResourcesBuildPhase section */
		762821C02459CD2700A543A6 /* Resources */ = {
			isa = PBXResourcesBuildPhase;
			buildActionMask = 2147483647;
			files = (
				762821CA2459CD2C00A543A6 /* Assets.xcassets in Resources */,
				762821CD2459CD2C00A543A6 /* Main.storyboard in Resources */,
			);
			runOnlyForDeploymentPostprocessing = 0;
		};
/* End PBXResourcesBuildPhase section */

/* Begin PBXSourcesBuildPhase section */
		762821BE2459CD2700A543A6 /* Sources */ = {
			isa = PBXSourcesBuildPhase;
			buildActionMask = 2147483647;
			files = (
				764AF197245AFFDF00F1F2D9 /* Blum-Micali_Algorithm.swift in Sources */,
				762821C82459CD2700A543A6 /* ViewController.swift in Sources */,
				764AF199245C758600F1F2D9 /* Alert.swift in Sources */,
				762821C62459CD2700A543A6 /* AppDelegate.swift in Sources */,
			);
			runOnlyForDeploymentPostprocessing = 0;
		};
/* End PBXSourcesBuildPhase section */

/* Begin PBXVariantGroup section */
		762821CB2459CD2C00A543A6 /* Main.storyboard */ = {
			isa = PBXVariantGroup;
			children = (
				762821CC2459CD2C00A543A6 /* Base */,
			);
			name = Main.storyboard;
			sourceTree = "<group>";
		};
/* End PBXVariantGroup section */

/* Begin XCBuildConfiguration section */
		762821D02459CD2C00A543A6 /* Debug */ = {
			isa = XCBuildConfiguration;
			buildSettings = {
				ALWAYS_SEARCH_USER_PATHS = NO;
				CLANG_ANALYZER_NONNULL = YES;
				CLANG_ANALYZER_NUMBER_OBJECT_CONVERSION = YES_AGGRESSIVE;
				CLANG_CXX_LANGUAGE_STANDARD = "gnu++14";
				CLANG_CXX_LIBRARY = "libc++";
				CLANG_ENABLE_MODULES = YES;
				CLANG_ENABLE_OBJC_ARC = YES;
				CLANG_ENABLE_OBJC_WEAK = YES;
				CLANG_WARN_BLOCK_CAPTURE_AUTORELEASING = YES;
				CLANG_WARN_BOOL_CONVERSION = YES;
				CLANG_WARN_COMMA = YES;
				CLANG_WARN_CONSTANT_CONVERSION = YES;
				CLANG_WARN_DEPRECATED_OBJC_IMPLEMENTATIONS = YES;
				CLANG_WARN_DIRECT_OBJC_ISA_USAGE = YES_ERROR;
				CLANG_WARN_DOCUMENTATION_COMMENTS = YES;
				CLANG_WARN_EMPTY_BODY = YES;
				CLANG_WARN_ENUM_CONVERSION = YES;
				CLANG_WARN_INFINITE_RECURSION = YES;
				CLANG_WARN_INT_CONVERSION = YES;
				CLANG_WARN_NON_LITERAL_NULL_CONVERSION = YES;
				CLANG_WARN_OBJC_IMPLICIT_RETAIN_SELF = YES;
				CLANG_WARN_OBJC_LITERAL_CONVERSION = YES;
				CLANG_WARN_OBJC_ROOT_CLASS = YES_ERROR;
				CLANG_WARN_RANGE_LOOP_ANALYSIS = YES;
				CLANG_WARN_STRICT_PROTOTYPES = YES;
				CLANG_WARN_SUSPICIOUS_MOVE = YES;
				CLANG_WARN_UNGUARDED_AVAILABILITY = YES_AGGRESSIVE;
				CLANG_WARN_UNREACHABLE_CODE = YES;
				CLANG_WARN__DUPLICATE_METHOD_MATCH = YES;
				COPY_PHASE_STRIP = NO;
				DEBUG_INFORMATION_FORMAT = dwarf;
				ENABLE_STRICT_OBJC_MSGSEND = YES;
				ENABLE_TESTABILITY = YES;
				GCC_C_LANGUAGE_STANDARD = gnu11;
				GCC_DYNAMIC_NO_PIC = NO;
				GCC_NO_COMMON_BLOCKS = YES;
				GCC_OPTIMIZATION_LEVEL = 0;
				GCC_PREPROCESSOR_DEFINITIONS = (
					"DEBUG=1",
					"$(inherited)",
				);
				GCC_WARN_64_TO_32_BIT_CONVERSION = YES;
				GCC_WARN_ABOUT_RETURN_TYPE = YES_ERROR;
				GCC_WARN_UNDECLARED_SELECTOR = YES;
				GCC_WARN_UNINITIALIZED_AUTOS = YES_AGGRESSIVE;
				GCC_WARN_UNUSED_FUNCTION = YES;
				GCC_WARN_UNUSED_VARIABLE = YES;
				MACOSX_DEPLOYMENT_TARGET = 10.15;
				MTL_ENABLE_DEBUG_INFO = INCLUDE_SOURCE;
				MTL_FAST_MATH = YES;
				ONLY_ACTIVE_ARCH = YES;
				SDKROOT = macosx;
				SWIFT_ACTIVE_COMPILATION_CONDITIONS = DEBUG;
				SWIFT_OPTIMIZATION_LEVEL = "-Onone";
			};
			name = Debug;
		};
		762821D12459CD2C00A543A6 /* Release */ = {
			isa = XCBuildConfiguration;
			buildSettings = {
				ALWAYS_SEARCH_USER_PATHS = NO;
				CLANG_ANALYZER_NONNULL = YES;
				CLANG_ANALYZER_NUMBER_OBJECT_CONVERSION = YES_AGGRESSIVE;
				CLANG_CXX_LANGUAGE_STANDARD = "gnu++14";
				CLANG_CXX_LIBRARY = "libc++";
				CLANG_ENABLE_MODULES = YES;
				CLANG_ENABLE_OBJC_ARC = YES;
				CLANG_ENABLE_OBJC_WEAK = YES;
				CLANG_WARN_BLOCK_CAPTURE_AUTORELEASING = YES;
				CLANG_WARN_BOOL_CONVERSION = YES;
				CLANG_WARN_COMMA = YES;
				CLANG_WARN_CONSTANT_CONVERSION = YES;
				CLANG_WARN_DEPRECATED_OBJC_IMPLEMENTATIONS = YES;
				CLANG_WARN_DIRECT_OBJC_ISA_USAGE = YES_ERROR;
				CLANG_WARN_DOCUMENTATION_COMMENTS = YES;
				CLANG_WARN_EMPTY_BODY = YES;
				CLANG_WARN_ENUM_CONVERSION = YES;
				CLANG_WARN_INFINITE_RECURSION = YES;
				CLANG_WARN_INT_CONVERSION = YES;
				CLANG_WARN_NON_LITERAL_NULL_CONVERSION = YES;
				CLANG_WARN_OBJC_IMPLICIT_RETAIN_SELF = YES;
				CLANG_WARN_OBJC_LITERAL_CONVERSION = YES;
				CLANG_WARN_OBJC_ROOT_CLASS = YES_ERROR;
				CLANG_WARN_RANGE_LOOP_ANALYSIS = YES;
				CLANG_WARN_STRICT_PROTOTYPES = YES;
				CLANG_WARN_SUSPICIOUS_MOVE = YES;
				CLANG_WARN_UNGUARDED_AVAILABILITY = YES_AGGRESSIVE;
				CLANG_WARN_UNREACHABLE_CODE = YES;
				CLANG_WARN__DUPLICATE_METHOD_MATCH = YES;
				COPY_PHASE_STRIP = NO;
				DEBUG_INFORMATION_FORMAT = "dwarf-with-dsym";
				ENABLE_NS_ASSERTIONS = NO;
				ENABLE_STRICT_OBJC_MSGSEND = YES;
				GCC_C_LANGUAGE_STANDARD = gnu11;
				GCC_NO_COMMON_BLOCKS = YES;
				GCC_WARN_64_TO_32_BIT_CONVERSION = YES;
				GCC_WARN_ABOUT_RETURN_TYPE = YES_ERROR;
				GCC_WARN_UNDECLARED_SELECTOR = YES;
				GCC_WARN_UNINITIALIZED_AUTOS = YES_AGGRESSIVE;
				GCC_WARN_UNUSED_FUNCTION = YES;
				GCC_WARN_UNUSED_VARIABLE = YES;
				MACOSX_DEPLOYMENT_TARGET = 10.15;
				MTL_ENABLE_DEBUG_INFO = NO;
				MTL_FAST_MATH = YES;
				SDKROOT = macosx;
				SWIFT_COMPILATION_MODE = wholemodule;
				SWIFT_OPTIMIZATION_LEVEL = "-O";
			};
			name = Release;
		};
		762821D32459CD2C00A543A6 /* Debug */ = {
			isa = XCBuildConfiguration;
			buildSettings = {
				ASSETCATALOG_COMPILER_APPICON_NAME = AppIcon;
				CODE_SIGN_ENTITLEMENTS = Cryptographic_pseudorandom_number_generator/Cryptographic_pseudorandom_number_generator.entitlements;
				CODE_SIGN_STYLE = Automatic;
				COMBINE_HIDPI_IMAGES = YES;
				DEVELOPMENT_TEAM = 2C66X2MWBF;
				ENABLE_HARDENED_RUNTIME = YES;
				INFOPLIST_FILE = Cryptographic_pseudorandom_number_generator/Info.plist;
				LD_RUNPATH_SEARCH_PATHS = (
					"$(inherited)",
					"@executable_path/../Frameworks",
				);
				PRODUCT_BUNDLE_IDENTIFIER = "com.Doru-Mancila.Cryptographic-pseudorandom-number-generator";
				PRODUCT_NAME = "$(TARGET_NAME)";
				SWIFT_VERSION = 5.0;
			};
			name = Debug;
		};
		762821D42459CD2C00A543A6 /* Release */ = {
			isa = XCBuildConfiguration;
			buildSettings = {
				ASSETCATALOG_COMPILER_APPICON_NAME = AppIcon;
				CODE_SIGN_ENTITLEMENTS = Cryptographic_pseudorandom_number_generator/Cryptographic_pseudorandom_number_generator.entitlements;
				CODE_SIGN_STYLE = Automatic;
				COMBINE_HIDPI_IMAGES = YES;
				DEVELOPMENT_TEAM = 2C66X2MWBF;
				ENABLE_HARDENED_RUNTIME = YES;
				INFOPLIST_FILE = Cryptographic_pseudorandom_number_generator/Info.plist;
				LD_RUNPATH_SEARCH_PATHS = (
					"$(inherited)",
					"@executable_path/../Frameworks",
				);
				PRODUCT_BUNDLE_IDENTIFIER = "com.Doru-Mancila.Cryptographic-pseudorandom-number-generator";
				PRODUCT_NAME = "$(TARGET_NAME)";
				SWIFT_VERSION = 5.0;
			};
			name = Release;
		};
/* End XCBuildConfiguration section */

/* Begin XCConfigurationList section */
		762821BD2459CD2700A543A6 /* Build configuration list for PBXProject "Cryptographic_pseudorandom_number_generator" */ = {
			isa = XCConfigurationList;
			buildConfigurations = (
				762821D02459CD2C00A543A6 /* Debug */,
				762821D12459CD2C00A543A6 /* Release */,
			);
			defaultConfigurationIsVisible = 0;
			defaultConfigurationName = Release;
		};
		762821D22459CD2C00A543A6 /* Build configuration list for PBXNativeTarget "Cryptographic_pseudorandom_number_generator" */ = {
			isa = XCConfigurationList;
			buildConfigurations = (
				762821D32459CD2C00A543A6 /* Debug */,
				762821D42459CD2C00A543A6 /* Release */,
			);
			defaultConfigurationIsVisible = 0;
			defaultConfigurationName = Release;
		};
/* End XCConfigurationList section */
	};
	rootObject = 762821BA2459CD2700A543A6 /* Project object */;
}
